
Microsoft Visual Studio Solution File, Format Version 12.00
# Visual Studio 15
VisualStudioVersion = 15.0.27004.2010
MinimumVisualStudioVersion = 10.0.40219.1
Project("{FAE04EC0-301F-11D3-BF4B-00C04F79EFBC}") = "YieldSample", "YieldSample\YieldSample.csproj", "{9EC8228C-6AEA-4666-AC6A-6FB917CC37A7}"
EndProject
Global
	GlobalSection(SolutionConfigurationPlatforms) = preSolution
		Debug|Any CPU = Debug|Any CPU
		Release|Any CPU = Release|Any CPU
	EndGlobalSection
	GlobalSection(ProjectConfigurationPlatforms) = postSolution
		{9EC8228C-6AEA-4666-AC6A-6FB917CC37A7}.Debug|Any CPU.ActiveCfg = Debug|Any CPU
		{9EC8228C-6AEA-4666-AC6A-6FB917CC37A7}.Debug|Any CPU.Build.0 = Debug|Any CPU
		{9EC8228C-6AEA-4666-AC6A-6FB917CC37A7}.Release|Any CPU.ActiveCfg = Release|Any CPU
		{9EC8228C-6AEA-4666-AC6A-6FB917CC37A7}.Release|Any CPU.Build.0 = Release|Any CPU
	EndGlobalSection
	GlobalSection(SolutionProperties) = preSolution
		HideSolutionNode = FALSE
	EndGlobalSection
	GlobalSection(ExtensibilityGlobals) = postSolution
		SolutionGuid = {0EBDFD49-9499-42C2-BD34-A264B0774A99}
	EndGlobalSection
EndGlobal
