
Microsoft Visual Studio Solution File, Format Version 12.00
# Visual Studio 15
VisualStudioVersion = 15.0.27130.0
MinimumVisualStudioVersion = 10.0.40219.1
Project("{FAE04EC0-301F-11D3-BF4B-00C04F79EFBC}") = "ODataWebApp", "ODataWebApp\ODataWebApp.csproj", "{08318E6C-B699-425D-A5D6-8B921E494A01}"
EndProject
Project("{FAE04EC0-301F-11D3-BF4B-00C04F79EFBC}") = "ClientApp", "ClientApp\ClientApp.csproj", "{633E8CDD-6BC8-4714-A414-61A618FB5C82}"
EndProject
Global
	GlobalSection(SolutionConfigurationPlatforms) = preSolution
		Debug|Any CPU = Debug|Any CPU
		Release|Any CPU = Release|Any CPU
	EndGlobalSection
	GlobalSection(ProjectConfigurationPlatforms) = postSolution
		{08318E6C-B699-425D-A5D6-8B921E494A01}.Debug|Any CPU.ActiveCfg = Debug|Any CPU
		{08318E6C-B699-425D-A5D6-8B921E494A01}.Debug|Any CPU.Build.0 = Debug|Any CPU
		{08318E6C-B699-425D-A5D6-8B921E494A01}.Release|Any CPU.ActiveCfg = Release|Any CPU
		{08318E6C-B699-425D-A5D6-8B921E494A01}.Release|Any CPU.Build.0 = Release|Any CPU
		{633E8CDD-6BC8-4714-A414-61A618FB5C82}.Debug|Any CPU.ActiveCfg = Debug|Any CPU
		{633E8CDD-6BC8-4714-A414-61A618FB5C82}.Debug|Any CPU.Build.0 = Debug|Any CPU
		{633E8CDD-6BC8-4714-A414-61A618FB5C82}.Release|Any CPU.ActiveCfg = Release|Any CPU
		{633E8CDD-6BC8-4714-A414-61A618FB5C82}.Release|Any CPU.Build.0 = Release|Any CPU
	EndGlobalSection
	GlobalSection(SolutionProperties) = preSolution
		HideSolutionNode = FALSE
	EndGlobalSection
	GlobalSection(ExtensibilityGlobals) = postSolution
		SolutionGuid = {D80A19B9-E7F1-4C8E-A2C3-14DD76ECB9DB}
	EndGlobalSection
EndGlobal
